
Microsoft Visual Studio Solution File, Format Version 12.00
# Visual Studio Version 17
VisualStudioVersion = 17.7.34024.191
MinimumVisualStudioVersion = 10.0.40219.1
Project("{FAE04EC0-301F-11D3-BF4B-00C04F79EFBC}") = "Person_save", "Person_save\Person_save.csproj", "{8EACE8F4-3BC7-463F-BE51-50FF3D95FB2D}"
EndProject
Global
	GlobalSection(SolutionConfigurationPlatforms) = preSolution
		Debug|Any CPU = Debug|Any CPU
		Release|Any CPU = Release|Any CPU
	EndGlobalSection
	GlobalSection(ProjectConfigurationPlatforms) = postSolution
		{8EACE8F4-3BC7-463F-BE51-50FF3D95FB2D}.Debug|Any CPU.ActiveCfg = Debug|Any CPU
		{8EACE8F4-3BC7-463F-BE51-50FF3D95FB2D}.Debug|Any CPU.Build.0 = Debug|Any CPU
		{8EACE8F4-3BC7-463F-BE51-50FF3D95FB2D}.Release|Any CPU.ActiveCfg = Release|Any CPU
		{8EACE8F4-3BC7-463F-BE51-50FF3D95FB2D}.Release|Any CPU.Build.0 = Release|Any CPU
	EndGlobalSection
	GlobalSection(SolutionProperties) = preSolution
		HideSolutionNode = FALSE
	EndGlobalSection
	GlobalSection(ExtensibilityGlobals) = postSolution
		SolutionGuid = {64709931-A2A3-4718-9915-B90E39F7B09F}
	EndGlobalSection
EndGlobal
